
Microsoft Visual Studio Solution File, Format Version 12.00
# Visual Studio 14
VisualStudioVersion = 14.0.25420.1
MinimumVisualStudioVersion = 10.0.40219.1
Project("{FAE04EC0-301F-11D3-BF4B-00C04F79EFBC}") = "uStora.Common", "uStora.Common\uStora.Common.csproj", "{0DFE4BE0-BA36-44FA-862F-3498A973638B}"
EndProject
Project("{FAE04EC0-301F-11D3-BF4B-00C04F79EFBC}") = "uStora.Data", "uStora.Data\uStora.Data.csproj", "{62E44A07-9B2D-4AFF-AA4F-3734C33C08AA}"
EndProject
Project("{FAE04EC0-301F-11D3-BF4B-00C04F79EFBC}") = "uStora.Model", "uStora.Model\uStora.Model.csproj", "{C6CC56E5-1D98-4F7C-9726-F4C4A1BE901A}"
EndProject
Project("{FAE04EC0-301F-11D3-BF4B-00C04F79EFBC}") = "uStora.Service", "uStora.Service\uStora.Service.csproj", "{29093B10-B51B-4482-8BF8-B5A6A9F65FFF}"
EndProject
Project("{FAE04EC0-301F-11D3-BF4B-00C04F79EFBC}") = "uStora.Web", "uStora.Web\uStora.Web.csproj", "{D5AD7519-8778-488C-9668-04BF3C18D778}"
EndProject
Project("{FAE04EC0-301F-11D3-BF4B-00C04F79EFBC}") = "uStora.UnitTest", "uStora.UnitTest\uStora.UnitTest.csproj", "{BDF30F03-4352-4DBB-928C-4F49FB214666}"
EndProject
Global
	GlobalSection(SolutionConfigurationPlatforms) = preSolution
		Debug|Any CPU = Debug|Any CPU
		Release|Any CPU = Release|Any CPU
	EndGlobalSection
	GlobalSection(ProjectConfigurationPlatforms) = postSolution
		{0DFE4BE0-BA36-44FA-862F-3498A973638B}.Debug|Any CPU.ActiveCfg = Debug|Any CPU
		{0DFE4BE0-BA36-44FA-862F-3498A973638B}.Debug|Any CPU.Build.0 = Debug|Any CPU
		{0DFE4BE0-BA36-44FA-862F-3498A973638B}.Release|Any CPU.ActiveCfg = Release|Any CPU
		{0DFE4BE0-BA36-44FA-862F-3498A973638B}.Release|Any CPU.Build.0 = Release|Any CPU
		{62E44A07-9B2D-4AFF-AA4F-3734C33C08AA}.Debug|Any CPU.ActiveCfg = Debug|Any CPU
		{62E44A07-9B2D-4AFF-AA4F-3734C33C08AA}.Debug|Any CPU.Build.0 = Debug|Any CPU
		{62E44A07-9B2D-4AFF-AA4F-3734C33C08AA}.Release|Any CPU.ActiveCfg = Release|Any CPU
		{62E44A07-9B2D-4AFF-AA4F-3734C33C08AA}.Release|Any CPU.Build.0 = Release|Any CPU
		{C6CC56E5-1D98-4F7C-9726-F4C4A1BE901A}.Debug|Any CPU.ActiveCfg = Debug|Any CPU
		{C6CC56E5-1D98-4F7C-9726-F4C4A1BE901A}.Debug|Any CPU.Build.0 = Debug|Any CPU
		{C6CC56E5-1D98-4F7C-9726-F4C4A1BE901A}.Release|Any CPU.ActiveCfg = Release|Any CPU
		{C6CC56E5-1D98-4F7C-9726-F4C4A1BE901A}.Release|Any CPU.Build.0 = Release|Any CPU
		{29093B10-B51B-4482-8BF8-B5A6A9F65FFF}.Debug|Any CPU.ActiveCfg = Debug|Any CPU
		{29093B10-B51B-4482-8BF8-B5A6A9F65FFF}.Debug|Any CPU.Build.0 = Debug|Any CPU
		{29093B10-B51B-4482-8BF8-B5A6A9F65FFF}.Release|Any CPU.ActiveCfg = Release|Any CPU
		{29093B10-B51B-4482-8BF8-B5A6A9F65FFF}.Release|Any CPU.Build.0 = Release|Any CPU
		{D5AD7519-8778-488C-9668-04BF3C18D778}.Debug|Any CPU.ActiveCfg = Debug|Any CPU
		{D5AD7519-8778-488C-9668-04BF3C18D778}.Debug|Any CPU.Build.0 = Debug|Any CPU
		{D5AD7519-8778-488C-9668-04BF3C18D778}.Release|Any CPU.ActiveCfg = Release|Any CPU
		{D5AD7519-8778-488C-9668-04BF3C18D778}.Release|Any CPU.Build.0 = Release|Any CPU
		{BDF30F03-4352-4DBB-928C-4F49FB214666}.Debug|Any CPU.ActiveCfg = Debug|Any CPU
		{BDF30F03-4352-4DBB-928C-4F49FB214666}.Debug|Any CPU.Build.0 = Debug|Any CPU
		{BDF30F03-4352-4DBB-928C-4F49FB214666}.Release|Any CPU.ActiveCfg = Release|Any CPU
		{BDF30F03-4352-4DBB-928C-4F49FB214666}.Release|Any CPU.Build.0 = Release|Any CPU
	EndGlobalSection
	GlobalSection(SolutionProperties) = preSolution
		HideSolutionNode = FALSE
	EndGlobalSection
EndGlobal
